
Microsoft Visual Studio Solution File, Format Version 11.00
# Visual Studio 2010
Project("{8BC9CEB8-8B4A-11D0-8D11-00A0C91BC942}") = "Prezentainer", "Prezentainer\Prezentainer.vcxproj", "{F26B515A-2AB1-4575-872B-D8A8643A2B74}"
EndProject
Project("{54435603-DBB4-11D2-8724-00A0C9A8B90C}") = "PrezentainerSetup", "PrezentainerSetup\PrezentainerSetup.vdproj", "{C8B901F9-5A9A-46DE-9FA7-1658157592B6}"
EndProject
Global
	GlobalSection(SolutionConfigurationPlatforms) = preSolution
		Debug|Win32 = Debug|Win32
		Release|Win32 = Release|Win32
	EndGlobalSection
	GlobalSection(ProjectConfigurationPlatforms) = postSolution
		{F26B515A-2AB1-4575-872B-D8A8643A2B74}.Debug|Win32.ActiveCfg = Debug|Win32
		{F26B515A-2AB1-4575-872B-D8A8643A2B74}.Debug|Win32.Build.0 = Debug|Win32
		{F26B515A-2AB1-4575-872B-D8A8643A2B74}.Release|Win32.ActiveCfg = Release|Win32
		{F26B515A-2AB1-4575-872B-D8A8643A2B74}.Release|Win32.Build.0 = Release|Win32
		{C8B901F9-5A9A-46DE-9FA7-1658157592B6}.Debug|Win32.ActiveCfg = Debug
		{C8B901F9-5A9A-46DE-9FA7-1658157592B6}.Release|Win32.ActiveCfg = Release
	EndGlobalSection
	GlobalSection(SolutionProperties) = preSolution
		HideSolutionNode = FALSE
	EndGlobalSection
EndGlobal
