
Microsoft Visual Studio Solution File, Format Version 11.00
# Visual Studio 2010
Project("{8BC9CEB8-8B4A-11D0-8D11-00A0C91BC942}") = "통신프로그램", "통신프로그램\통신프로그램.vcxproj", "{9E280558-97E4-4A74-BD29-365C38128C3A}"
EndProject
Project("{54435603-DBB4-11D2-8724-00A0C9A8B90C}") = "Setup", "..\Setup\Setup.vdproj", "{BBFDE98E-189D-4D12-AB39-8630285B5234}"
EndProject
Global
	GlobalSection(SolutionConfigurationPlatforms) = preSolution
		Debug|Win32 = Debug|Win32
		Release|Win32 = Release|Win32
	EndGlobalSection
	GlobalSection(ProjectConfigurationPlatforms) = postSolution
		{9E280558-97E4-4A74-BD29-365C38128C3A}.Debug|Win32.ActiveCfg = Debug|Win32
		{9E280558-97E4-4A74-BD29-365C38128C3A}.Debug|Win32.Build.0 = Debug|Win32
		{9E280558-97E4-4A74-BD29-365C38128C3A}.Release|Win32.ActiveCfg = Release|Win32
		{9E280558-97E4-4A74-BD29-365C38128C3A}.Release|Win32.Build.0 = Release|Win32
		{BBFDE98E-189D-4D12-AB39-8630285B5234}.Debug|Win32.ActiveCfg = Debug
		{BBFDE98E-189D-4D12-AB39-8630285B5234}.Release|Win32.ActiveCfg = Release
	EndGlobalSection
	GlobalSection(SolutionProperties) = preSolution
		HideSolutionNode = FALSE
	EndGlobalSection
EndGlobal
